{
  "name": "appwrite-apple-helper",
  "lockfileVersion": 3,
  "requires": true,
  "packages": {
    "": {
      "name": "appwrite-apple-helper",
      "dependencies": {
        "@expo/apple-utils": "2.2.1"
      },
      "engines": {
        "node": ">=18"
      }
    },
    "node_modules/@expo/apple-utils": {
      "version": "2.2.1",
      "resolved": "https://registry.npmjs.org/@expo/apple-utils/-/apple-utils-2.2.1.tgz",
      "integrity": "sha512-Jr0yawuiJ83Lu76krKJYysXfvSC678YK8nIBHUoNjrOAQT392LttbfsoPA+8/zDBZOrfo+8eXgBq0a51b7wBVQ==",
      "license": "MIT",
      "bin": {
        "apple-utils": "bin.js"
      }
    }
  }
}
